<Solution>
  <Folder Name="/src/">
    <Project Path="src/Candela.Api/Candela.Api.csproj" />
    <Project Path="src/Candela.LegacyHost/Candela.LegacyHost.csproj" Id="a1b2c3d4-e5f6-7890-abcd-ef1234567890" />
    <Project Path="src/Candela.Platform/Candela.Platform.csproj" />
    <Project Path="src/Candela.Shared/Candela.Shared.csproj" />
  </Folder>
  <Folder Name="/src/Modules/" Id="ec447dcf-abfa-6e24-52a5-d7fd48a5c558">
    <Project Path="src/Modules/Candela.Modules.Accounting/Candela.Modules.Accounting.csproj" />
    <Project Path="src/Modules/Candela.Modules.Configuration/Candela.Modules.Configuration.csproj" />
    <Project Path="src/Modules/Candela.Modules.CustomerClub/Candela.Modules.CustomerClub.csproj" />
    <Project Path="src/Modules/Candela.Modules.Inventory/Candela.Modules.Inventory.csproj" />
    <Project Path="src/Modules/Candela.Modules.Production/Candela.Modules.Production.csproj" />
    <Project Path="src/Modules/Candela.Modules.Purchase/Candela.Modules.Purchase.csproj" />
    <Project Path="src/Modules/Candela.Modules.Sales/Candela.Modules.Sales.csproj" />
    <Project Path="src/Modules/Candela.Modules.Security/Candela.Modules.Security.csproj" />
    <Project Path="src/Modules/Candela.Modules.Utilities/Candela.Modules.Utilities.csproj" />
  </Folder>
  <Folder Name="/tests/">
    <Project Path="tests/Candela.Tests/Candela.Tests.csproj" />
  </Folder>
</Solution>
